
Microsoft Visual Studio Solution File, Format Version 12.00
# Visual Studio 15
VisualStudioVersion = 15.0.28307.779
MinimumVisualStudioVersion = 10.0.40219.1
Project("{FAE04EC0-301F-11D3-BF4B-00C04F79EFBC}") = "WpfTemplate_45", "WpfTemplate_45\WpfTemplate_45.csproj", "{44D583C9-9691-4F54-A581-EEDD732CF02E}"
EndProject
Global
	GlobalSection(SolutionConfigurationPlatforms) = preSolution
		Debug|Any CPU = Debug|Any CPU
		Release|Any CPU = Release|Any CPU
	EndGlobalSection
	GlobalSection(ProjectConfigurationPlatforms) = postSolution
		{44D583C9-9691-4F54-A581-EEDD732CF02E}.Debug|Any CPU.ActiveCfg = Debug|Any CPU
		{44D583C9-9691-4F54-A581-EEDD732CF02E}.Debug|Any CPU.Build.0 = Debug|Any CPU
		{44D583C9-9691-4F54-A581-EEDD732CF02E}.Release|Any CPU.ActiveCfg = Release|Any CPU
		{44D583C9-9691-4F54-A581-EEDD732CF02E}.Release|Any CPU.Build.0 = Release|Any CPU
	EndGlobalSection
	GlobalSection(SolutionProperties) = preSolution
		HideSolutionNode = FALSE
	EndGlobalSection
	GlobalSection(ExtensibilityGlobals) = postSolution
		SolutionGuid = {CCAC6AAC-78E3-49BF-8254-054668F76E77}
	EndGlobalSection
EndGlobal
